
Microsoft Visual Studio Solution File, Format Version 12.00
# Visual Studio Version 17
VisualStudioVersion = 17.1.32328.378
MinimumVisualStudioVersion = 10.0.40219.1
Project("{9A19103F-16F7-4668-BE54-9A1E7A4F7556}") = "SuggestionAppUI", "SuggestionAppUI\SuggestionAppUI.csproj", "{2AAFB764-7718-4B6D-85B8-0FFA4A1AAE83}"
EndProject
Project("{9A19103F-16F7-4668-BE54-9A1E7A4F7556}") = "SuggestionAppLibrary", "SuggestionAppLibrary\SuggestionAppLibrary.csproj", "{492979B1-4DAE-434A-BF5D-5DDEE02AE45D}"
EndProject
Project("{2150E333-8FDC-42A3-9474-1A3956D46DE8}") = "Solution Items", "Solution Items", "{866240FE-A601-492F-A63B-52A0495A758F}"
	ProjectSection(SolutionItems) = preProject
		.editorconfig = .editorconfig
	EndProjectSection
EndProject
Global
	GlobalSection(SolutionConfigurationPlatforms) = preSolution
		Debug|Any CPU = Debug|Any CPU
		Release|Any CPU = Release|Any CPU
	EndGlobalSection
	GlobalSection(ProjectConfigurationPlatforms) = postSolution
		{2AAFB764-7718-4B6D-85B8-0FFA4A1AAE83}.Debug|Any CPU.ActiveCfg = Debug|Any CPU
		{2AAFB764-7718-4B6D-85B8-0FFA4A1AAE83}.Debug|Any CPU.Build.0 = Debug|Any CPU
		{2AAFB764-7718-4B6D-85B8-0FFA4A1AAE83}.Release|Any CPU.ActiveCfg = Release|Any CPU
		{2AAFB764-7718-4B6D-85B8-0FFA4A1AAE83}.Release|Any CPU.Build.0 = Release|Any CPU
		{492979B1-4DAE-434A-BF5D-5DDEE02AE45D}.Debug|Any CPU.ActiveCfg = Debug|Any CPU
		{492979B1-4DAE-434A-BF5D-5DDEE02AE45D}.Debug|Any CPU.Build.0 = Debug|Any CPU
		{492979B1-4DAE-434A-BF5D-5DDEE02AE45D}.Release|Any CPU.ActiveCfg = Release|Any CPU
		{492979B1-4DAE-434A-BF5D-5DDEE02AE45D}.Release|Any CPU.Build.0 = Release|Any CPU
	EndGlobalSection
	GlobalSection(SolutionProperties) = preSolution
		HideSolutionNode = FALSE
	EndGlobalSection
	GlobalSection(ExtensibilityGlobals) = postSolution
		SolutionGuid = {1F9ABB37-5309-4495-A98E-D2FD7342ED4C}
	EndGlobalSection
EndGlobal
